
Microsoft Visual Studio Solution File, Format Version 12.00
# Visual Studio 2013
VisualStudioVersion = 12.0.30501.0
MinimumVisualStudioVersion = 10.0.40219.1
Project("{FAE04EC0-301F-11D3-BF4B-00C04F79EFBC}") = "FSLL.MS.Feedback", "FSLL.MS.Feedback\FSLL.MS.Feedback.csproj", "{FC05BFE4-493E-4187-8119-E5C3F6FBA560}"
EndProject
Project("{FAE04EC0-301F-11D3-BF4B-00C04F79EFBC}") = "FSLL.MS.Feedback.DAL", "FSLL.MS.Feedback.DAL\FSLL.MS.Feedback.DAL.csproj", "{370D9BEB-9F21-498D-A10B-164B5456AF90}"
EndProject
Project("{FAE04EC0-301F-11D3-BF4B-00C04F79EFBC}") = "FSLL.MS.Feedback.Service", "FSLL.MS.Feedback.Service\FSLL.MS.Feedback.Service.csproj", "{99941309-CA28-4DC5-9964-99EEECC59ABE}"
EndProject
Project("{FAE04EC0-301F-11D3-BF4B-00C04F79EFBC}") = "FSLL.MS.Feedback.Common", "FSLL.MS.Feedback.Common\FSLL.MS.Feedback.Common.csproj", "{DF669301-52D4-40D0-969D-13961A7E9ADE}"
EndProject
Global
	GlobalSection(SolutionConfigurationPlatforms) = preSolution
		Debug|Any CPU = Debug|Any CPU
		Release|Any CPU = Release|Any CPU
	EndGlobalSection
	GlobalSection(ProjectConfigurationPlatforms) = postSolution
		{FC05BFE4-493E-4187-8119-E5C3F6FBA560}.Debug|Any CPU.ActiveCfg = Debug|Any CPU
		{FC05BFE4-493E-4187-8119-E5C3F6FBA560}.Debug|Any CPU.Build.0 = Debug|Any CPU
		{FC05BFE4-493E-4187-8119-E5C3F6FBA560}.Release|Any CPU.ActiveCfg = Release|Any CPU
		{FC05BFE4-493E-4187-8119-E5C3F6FBA560}.Release|Any CPU.Build.0 = Release|Any CPU
		{370D9BEB-9F21-498D-A10B-164B5456AF90}.Debug|Any CPU.ActiveCfg = Debug|Any CPU
		{370D9BEB-9F21-498D-A10B-164B5456AF90}.Debug|Any CPU.Build.0 = Debug|Any CPU
		{370D9BEB-9F21-498D-A10B-164B5456AF90}.Release|Any CPU.ActiveCfg = Release|Any CPU
		{370D9BEB-9F21-498D-A10B-164B5456AF90}.Release|Any CPU.Build.0 = Release|Any CPU
		{99941309-CA28-4DC5-9964-99EEECC59ABE}.Debug|Any CPU.ActiveCfg = Debug|Any CPU
		{99941309-CA28-4DC5-9964-99EEECC59ABE}.Debug|Any CPU.Build.0 = Debug|Any CPU
		{99941309-CA28-4DC5-9964-99EEECC59ABE}.Release|Any CPU.ActiveCfg = Release|Any CPU
		{99941309-CA28-4DC5-9964-99EEECC59ABE}.Release|Any CPU.Build.0 = Release|Any CPU
		{DF669301-52D4-40D0-969D-13961A7E9ADE}.Debug|Any CPU.ActiveCfg = Debug|Any CPU
		{DF669301-52D4-40D0-969D-13961A7E9ADE}.Debug|Any CPU.Build.0 = Debug|Any CPU
		{DF669301-52D4-40D0-969D-13961A7E9ADE}.Release|Any CPU.ActiveCfg = Release|Any CPU
		{DF669301-52D4-40D0-969D-13961A7E9ADE}.Release|Any CPU.Build.0 = Release|Any CPU
	EndGlobalSection
	GlobalSection(SolutionProperties) = preSolution
		HideSolutionNode = FALSE
	EndGlobalSection
EndGlobal
